
Microsoft Visual Studio Solution File, Format Version 12.00
# Visual Studio 15
VisualStudioVersion = 15.0.28307.329
MinimumVisualStudioVersion = 10.0.40219.1
Project("{2150E333-8FDC-42A3-9474-1A3956D46DE8}") = "src", "src", "{506AB1E1-4F28-4D08-B327-EEDECFD8634E}"
EndProject
Project("{2150E333-8FDC-42A3-9474-1A3956D46DE8}") = "test", "test", "{89D45891-37AA-4625-A8F4-EFDACDF28CBD}"
EndProject
Project("{FAE04EC0-301F-11D3-BF4B-00C04F79EFBC}") = "TriangleAssertion", "src\TriangleAssertion\TriangleAssertion.csproj", "{A33727BA-DCCD-4671-8D25-C29D6443AD6F}"
EndProject
Project("{FAE04EC0-301F-11D3-BF4B-00C04F79EFBC}") = "TriangleAssertionUnitTest", "test\TriangleAssertionUnitTest\TriangleAssertionUnitTest.csproj", "{F693FF53-9CEB-43DC-9811-C42710ABC6F8}"
EndProject
Global
	GlobalSection(SolutionConfigurationPlatforms) = preSolution
		Debug|Any CPU = Debug|Any CPU
		Release|Any CPU = Release|Any CPU
	EndGlobalSection
	GlobalSection(ProjectConfigurationPlatforms) = postSolution
		{A33727BA-DCCD-4671-8D25-C29D6443AD6F}.Debug|Any CPU.ActiveCfg = Debug|Any CPU
		{A33727BA-DCCD-4671-8D25-C29D6443AD6F}.Debug|Any CPU.Build.0 = Debug|Any CPU
		{A33727BA-DCCD-4671-8D25-C29D6443AD6F}.Release|Any CPU.ActiveCfg = Release|Any CPU
		{A33727BA-DCCD-4671-8D25-C29D6443AD6F}.Release|Any CPU.Build.0 = Release|Any CPU
		{F693FF53-9CEB-43DC-9811-C42710ABC6F8}.Debug|Any CPU.ActiveCfg = Debug|Any CPU
		{F693FF53-9CEB-43DC-9811-C42710ABC6F8}.Debug|Any CPU.Build.0 = Debug|Any CPU
		{F693FF53-9CEB-43DC-9811-C42710ABC6F8}.Release|Any CPU.ActiveCfg = Release|Any CPU
		{F693FF53-9CEB-43DC-9811-C42710ABC6F8}.Release|Any CPU.Build.0 = Release|Any CPU
	EndGlobalSection
	GlobalSection(SolutionProperties) = preSolution
		HideSolutionNode = FALSE
	EndGlobalSection
	GlobalSection(NestedProjects) = preSolution
		{A33727BA-DCCD-4671-8D25-C29D6443AD6F} = {506AB1E1-4F28-4D08-B327-EEDECFD8634E}
		{F693FF53-9CEB-43DC-9811-C42710ABC6F8} = {89D45891-37AA-4625-A8F4-EFDACDF28CBD}
	EndGlobalSection
	GlobalSection(ExtensibilityGlobals) = postSolution
		SolutionGuid = {F4DC63E8-5E15-4370-BCC6-54F6AA73466D}
	EndGlobalSection
EndGlobal
